
Microsoft Visual Studio Solution File, Format Version 12.00
# Visual Studio Version 17
VisualStudioVersion = 17.9.34607.119
MinimumVisualStudioVersion = 10.0.40219.1
Project("{8BC9CEB8-8B4A-11D0-8D11-00A0C91BC942}") = "lab_9", "lab_9\lab_9.vcxproj", "{ACAC8E44-EDFE-44F8-A8E9-9F1F7422AB85}"
EndProject
Global
	GlobalSection(SolutionConfigurationPlatforms) = preSolution
		Debug|x64 = Debug|x64
		Debug|x86 = Debug|x86
		Release|x64 = Release|x64
		Release|x86 = Release|x86
	EndGlobalSection
	GlobalSection(ProjectConfigurationPlatforms) = postSolution
		{ACAC8E44-EDFE-44F8-A8E9-9F1F7422AB85}.Debug|x64.ActiveCfg = Debug|x64
		{ACAC8E44-EDFE-44F8-A8E9-9F1F7422AB85}.Debug|x64.Build.0 = Debug|x64
		{ACAC8E44-EDFE-44F8-A8E9-9F1F7422AB85}.Debug|x86.ActiveCfg = Debug|Win32
		{ACAC8E44-EDFE-44F8-A8E9-9F1F7422AB85}.Debug|x86.Build.0 = Debug|Win32
		{ACAC8E44-EDFE-44F8-A8E9-9F1F7422AB85}.Release|x64.ActiveCfg = Release|x64
		{ACAC8E44-EDFE-44F8-A8E9-9F1F7422AB85}.Release|x64.Build.0 = Release|x64
		{ACAC8E44-EDFE-44F8-A8E9-9F1F7422AB85}.Release|x86.ActiveCfg = Release|Win32
		{ACAC8E44-EDFE-44F8-A8E9-9F1F7422AB85}.Release|x86.Build.0 = Release|Win32
	EndGlobalSection
	GlobalSection(SolutionProperties) = preSolution
		HideSolutionNode = FALSE
	EndGlobalSection
	GlobalSection(ExtensibilityGlobals) = postSolution
		SolutionGuid = {45C20C75-6D1F-4B4F-81BB-09A58A5D9D4E}
	EndGlobalSection
EndGlobal
